{
  "version": 4,
  "terraform_version": "1.1.7",
  "serial": 24,
  "lineage": "189ba272-3a23-33bb-2b69-67d985e8a76d",
  "outputs": {},
  "resources": [
    {
      "module": "module.cloudrun",
      "mode": "managed",
      "type": "google_cloud_run_service",
      "name": "cloudrun",
      "provider": "provider[\"registry.terraform.io/hashicorp/google\"]",
      "instances": [
        {
          "schema_version": 1,
          "attributes": {
            "autogenerate_revision_name": true,
            "id": "locations/asia-northeast3/namespaces/clean-beaker-343108/services/cloudrun-test",
            "location": "asia-northeast3",
            "metadata": [
              {
                "annotations": {
                  "client.knative.dev/user-image": "gcr.io/clean-beaker-343108/cats",
                  "run.googleapis.com/binary-authorization": "default",
                  "run.googleapis.com/client-name": "terraform",
                  "run.googleapis.com/ingress": "internal",
                  "run.googleapis.com/ingress-status": "internal",
                  "serving.knative.dev/creator": "kkr.t423@gmail.com",
                  "serving.knative.dev/lastModifier": "kkr.t423@gmail.com"
                },
                "generation": 1,
                "labels": {
                  "cloud.googleapis.com/location": "asia-northeast3"
                },
                "namespace": "clean-beaker-343108",
                "resource_version": "AAXb+EjI+sE",
                "self_link": "/apis/serving.knative.dev/v1/namespaces/866652924590/services/cloudrun-test",
                "uid": "28810e9f-c78f-4326-9933-1c901822ba3d"
              }
            ],
            "name": "cloudrun-test",
            "project": "clean-beaker-343108",
            "status": [
              {
                "conditions": [
                  {
                    "message": "",
                    "reason": "",
                    "status": "True",
                    "type": "Ready"
                  },
                  {
                    "message": "",
                    "reason": "",
                    "status": "True",
                    "type": "ConfigurationsReady"
                  },
                  {
                    "message": "",
                    "reason": "",
                    "status": "True",
                    "type": "RoutesReady"
                  }
                ],
                "latest_created_revision_name": "cloudrun-test-qc2nj",
                "latest_ready_revision_name": "cloudrun-test-qc2nj",
                "observed_generation": 1,
                "url": "https://cloudrun-test-mwoapna25q-du.a.run.app"
              }
            ],
            "template": [
              {
                "metadata": [
                  {
                    "annotations": {
                      "autoscaling.knative.dev/maxScale": "3",
                      "autoscaling.knative.dev/minScale": "1"
                    },
                    "generation": 0,
                    "labels": null,
                    "name": "",
                    "namespace": "",
                    "resource_version": "",
                    "self_link": "",
                    "uid": ""
                  }
                ],
                "spec": [
                  {
                    "container_concurrency": 80,
                    "containers": [
                      {
                        "args": null,
                        "command": null,
                        "env": [
                          {
                            "name": "envir",
                            "value": "",
                            "value_from": [
                              {
                                "secret_key_ref": [
                                  {
                                    "key": "latest",
                                    "name": "secret"
                                  }
                                ]
                              }
                            ]
                          },
                          {
                            "name": "environment",
                            "value": "dev",
                            "value_from": []
                          }
                        ],
                        "env_from": [],
                        "image": "gcr.io/clean-beaker-343108/cats",
                        "ports": [
                          {
                            "container_port": 8080,
                            "name": "http1",
                            "protocol": ""
                          }
                        ],
                        "resources": [
                          {
                            "limits": {
                              "cpu": "1000m",
                              "memory": "256Mi"
                            },
                            "requests": null
                          }
                        ],
                        "volume_mounts": [],
                        "working_dir": ""
                      }
                    ],
                    "service_account_name": "866652924590-compute@developer.gserviceaccount.com",
                    "serving_state": "",
                    "timeout_seconds": 60,
                    "volumes": []
                  }
                ]
              }
            ],
            "timeouts": null,
            "traffic": [
              {
                "latest_revision": true,
                "percent": 100,
                "revision_name": ""
              }
            ]
          },
          "sensitive_attributes": [],
          "private": "eyJlMmJmYjczMC1lY2FhLTExZTYtOGY4OC0zNDM2M2JjN2M0YzAiOnsiY3JlYXRlIjoxMjAwMDAwMDAwMDAwLCJkZWxldGUiOjEyMDAwMDAwMDAwMDAsInVwZGF0ZSI6MTIwMDAwMDAwMDAwMH0sInNjaGVtYV92ZXJzaW9uIjoiMSJ9"
        }
      ]
    }
  ]
}
